# THIS IS AN AUTOGENERATED FILE. DO NOT EDIT THIS FILE DIRECTLY.
# yarn lockfile v1


"@rdfjs/types@*":
  version "1.0.0"
  resolved "https://registry.yarnpkg.com/@rdfjs/types/-/types-1.0.0.tgz#44e71676f93221db3f6384ffa1f7d7f9ab3a43cc"
  integrity sha512-TL/7SMrrbTMyDZG/qfZbbjN+KkBm9rZfzoP/sMAVX2GT5dFN0X+YOFcGbpNYFaxpJK6vLdlKVnj6r17386GM2w==
  dependencies:
    "@types/node" "*"

"@types/node@*":
  version "15.6.1"
  resolved "https://registry.yarnpkg.com/@types/node/-/node-15.6.1.tgz#32d43390d5c62c5b6ec486a9bc9c59544de39a08"
  integrity sha512-7EIraBEyRHEe7CH+Fm1XvgqU6uwZN8Q7jppJGcqjROMT29qhAuuOxYB1uEY5UMYQKEmA5D+5tBnhdaPXSsLONA==
